
Microsoft Visual Studio Solution File, Format Version 11.00
# Visual Studio 2010
Project("{FAE04EC0-301F-11D3-BF4B-00C04F79EFBC}") = "Zenject", "Zenject.csproj", "{b852d8b3-5464-9b2e-77b2-da8ffc07584c}"
EndProject
Project("{FAE04EC0-301F-11D3-BF4B-00C04F79EFBC}") = "UniTask.Linq", "UniTask.Linq.csproj", "{1a8a8252-58f9-534a-5e45-b099a9b23425}"
EndProject
Project("{FAE04EC0-301F-11D3-BF4B-00C04F79EFBC}") = "UniTask", "UniTask.csproj", "{a33e9a34-16b7-60fa-a1b4-06a530c77eee}"
EndProject
Project("{FAE04EC0-301F-11D3-BF4B-00C04F79EFBC}") = "Assembly-CSharp", "Assembly-CSharp.csproj", "{d6cecd9e-46e2-51c5-d231-e6cb26238f1f}"
EndProject
Project("{FAE04EC0-301F-11D3-BF4B-00C04F79EFBC}") = "Zenject-TestFramework", "Zenject-TestFramework.csproj", "{37d6e22f-c88c-27a9-231a-5d2bc5771e6b}"
EndProject
Project("{FAE04EC0-301F-11D3-BF4B-00C04F79EFBC}") = "Extenject-Async", "Extenject-Async.csproj", "{7b6fe9a0-81f4-f38c-a0f2-032e1401a564}"
EndProject
Project("{FAE04EC0-301F-11D3-BF4B-00C04F79EFBC}") = "Zenject-Editor", "Zenject-Editor.csproj", "{3d8a94d2-c879-12fc-da27-a3bde792ce08}"
EndProject
Project("{FAE04EC0-301F-11D3-BF4B-00C04F79EFBC}") = "Zenject-ReflectionBaking-Editor", "Zenject-ReflectionBaking-Editor.csproj", "{6831c199-5f5d-57f1-572c-be37dd02d452}"
EndProject
Project("{FAE04EC0-301F-11D3-BF4B-00C04F79EFBC}") = "UniTask.Addressables", "UniTask.Addressables.csproj", "{c9d7bda3-3f02-04ac-f4b2-58294b57ce16}"
EndProject
Project("{FAE04EC0-301F-11D3-BF4B-00C04F79EFBC}") = "UniTask.TextMeshPro", "UniTask.TextMeshPro.csproj", "{8fc9b8aa-be02-736c-628f-c2179b5198ba}"
EndProject
Project("{FAE04EC0-301F-11D3-BF4B-00C04F79EFBC}") = "UniTask.DOTween", "UniTask.DOTween.csproj", "{3a8ccf43-eb6e-eb42-a5cc-02e12b35d866}"
EndProject
Project("{FAE04EC0-301F-11D3-BF4B-00C04F79EFBC}") = "Zenject-PoolMonitor-Editor", "Zenject-PoolMonitor-Editor.csproj", "{5aaffc51-d9e4-935a-13c9-14098faaec70}"
EndProject
Project("{FAE04EC0-301F-11D3-BF4B-00C04F79EFBC}") = "UniTask.Editor", "UniTask.Editor.csproj", "{b2cc8caf-49aa-de2a-1843-b215e328e6ab}"
EndProject
Project("{FAE04EC0-301F-11D3-BF4B-00C04F79EFBC}") = "Assembly-CSharp-firstpass", "Assembly-CSharp-firstpass.csproj", "{0bbd7f40-cc93-2aca-37df-0172c190c1db}"
EndProject
Global
	GlobalSection(SolutionConfigurationPlatforms) = preSolution
		Debug|Any CPU = Debug|Any CPU
	EndGlobalSection
	GlobalSection(ProjectConfigurationPlatforms) = postSolution
		{b852d8b3-5464-9b2e-77b2-da8ffc07584c}.Debug|Any CPU.ActiveCfg = Debug|Any CPU
		{b852d8b3-5464-9b2e-77b2-da8ffc07584c}.Debug|Any CPU.Build.0 = Debug|Any CPU
		{1a8a8252-58f9-534a-5e45-b099a9b23425}.Debug|Any CPU.ActiveCfg = Debug|Any CPU
		{1a8a8252-58f9-534a-5e45-b099a9b23425}.Debug|Any CPU.Build.0 = Debug|Any CPU
		{a33e9a34-16b7-60fa-a1b4-06a530c77eee}.Debug|Any CPU.ActiveCfg = Debug|Any CPU
		{a33e9a34-16b7-60fa-a1b4-06a530c77eee}.Debug|Any CPU.Build.0 = Debug|Any CPU
		{d6cecd9e-46e2-51c5-d231-e6cb26238f1f}.Debug|Any CPU.ActiveCfg = Debug|Any CPU
		{d6cecd9e-46e2-51c5-d231-e6cb26238f1f}.Debug|Any CPU.Build.0 = Debug|Any CPU
		{37d6e22f-c88c-27a9-231a-5d2bc5771e6b}.Debug|Any CPU.ActiveCfg = Debug|Any CPU
		{37d6e22f-c88c-27a9-231a-5d2bc5771e6b}.Debug|Any CPU.Build.0 = Debug|Any CPU
		{7b6fe9a0-81f4-f38c-a0f2-032e1401a564}.Debug|Any CPU.ActiveCfg = Debug|Any CPU
		{7b6fe9a0-81f4-f38c-a0f2-032e1401a564}.Debug|Any CPU.Build.0 = Debug|Any CPU
		{3d8a94d2-c879-12fc-da27-a3bde792ce08}.Debug|Any CPU.ActiveCfg = Debug|Any CPU
		{3d8a94d2-c879-12fc-da27-a3bde792ce08}.Debug|Any CPU.Build.0 = Debug|Any CPU
		{6831c199-5f5d-57f1-572c-be37dd02d452}.Debug|Any CPU.ActiveCfg = Debug|Any CPU
		{6831c199-5f5d-57f1-572c-be37dd02d452}.Debug|Any CPU.Build.0 = Debug|Any CPU
		{c9d7bda3-3f02-04ac-f4b2-58294b57ce16}.Debug|Any CPU.ActiveCfg = Debug|Any CPU
		{c9d7bda3-3f02-04ac-f4b2-58294b57ce16}.Debug|Any CPU.Build.0 = Debug|Any CPU
		{8fc9b8aa-be02-736c-628f-c2179b5198ba}.Debug|Any CPU.ActiveCfg = Debug|Any CPU
		{8fc9b8aa-be02-736c-628f-c2179b5198ba}.Debug|Any CPU.Build.0 = Debug|Any CPU
		{3a8ccf43-eb6e-eb42-a5cc-02e12b35d866}.Debug|Any CPU.ActiveCfg = Debug|Any CPU
		{3a8ccf43-eb6e-eb42-a5cc-02e12b35d866}.Debug|Any CPU.Build.0 = Debug|Any CPU
		{5aaffc51-d9e4-935a-13c9-14098faaec70}.Debug|Any CPU.ActiveCfg = Debug|Any CPU
		{5aaffc51-d9e4-935a-13c9-14098faaec70}.Debug|Any CPU.Build.0 = Debug|Any CPU
		{b2cc8caf-49aa-de2a-1843-b215e328e6ab}.Debug|Any CPU.ActiveCfg = Debug|Any CPU
		{b2cc8caf-49aa-de2a-1843-b215e328e6ab}.Debug|Any CPU.Build.0 = Debug|Any CPU
		{0bbd7f40-cc93-2aca-37df-0172c190c1db}.Debug|Any CPU.ActiveCfg = Debug|Any CPU
		{0bbd7f40-cc93-2aca-37df-0172c190c1db}.Debug|Any CPU.Build.0 = Debug|Any CPU
	EndGlobalSection
	GlobalSection(SolutionProperties) = preSolution
		HideSolutionNode = FALSE
	EndGlobalSection
EndGlobal
